<?xml version="1.0" encoding="utf-8"?>
<Project ToolsVersion="4.0" xmlns="http://schemas.microsoft.com/developer/msbuild/2003">
  <ItemGroup>
    <Filter Include="Resource Files">
      <UniqueIdentifier>{67DA6AB6-F800-4c08-8B7A-83BB121AAD01}</UniqueIdentifier>
      <Extensions>rc;ico;cur;bmp;dlg;rc2;rct;bin;rgs;gif;jpg;jpeg;jpe;resx;tiff;tif;png;wav;mfcribbon-ms</Extensions>
    </Filter>
    <Filter Include="Animation">
      <UniqueIdentifier>{1847ec5e-8b1b-408e-9f55-4a1eaa80d245}</UniqueIdentifier>
    </Filter>
    <Filter Include="Environment">
      <UniqueIdentifier>{5e6e502e-06e2-4d6c-8428-9fe131d35d70}</UniqueIdentifier>
    </Filter>
    <Filter Include="Enemies">
      <UniqueIdentifier>{387bc9a9-ac78-4511-ae0a-3c5d63a373e3}</UniqueIdentifier>
    </Filter>
    <Filter Include="Player">
      <UniqueIdentifier>{898d8f80-6121-49ab-ae9a-511de2e5658d}</UniqueIdentifier>
    </Filter>
    <Filter Include="Blocks">
      <UniqueIdentifier>{0688ae64-113c-406e-92f0-8f20c6726f96}</UniqueIdentifier>
    </Filter>
    <Filter Include="Items">
      <UniqueIdentifier>{89c597b5-7230-4a63-a442-91df9de64a95}</UniqueIdentifier>
    </Filter>
    <Filter Include="Quadtree">
      <UniqueIdentifier>{a07d3caf-2bd2-46e9-b8ac-5510ea706ea4}</UniqueIdentifier>
    </Filter>
    <Filter Include="Scenery">
      <UniqueIdentifier>{b622cb89-8d0c-4919-82a3-acc8340a43b6}</UniqueIdentifier>
    </Filter>
    <Filter Include="MapIO">
      <UniqueIdentifier>{157a91c5-62af-4e48-8bdf-02770f17213f}</UniqueIdentifier>
    </Filter>
    <Filter Include="Audio">
      <UniqueIdentifier>{b1bbba91-268d-436f-af62-23463cf487e7}</UniqueIdentifier>
    </Filter>
    <Filter Include="GameState">
      <UniqueIdentifier>{d1513a7c-5934-4a1d-b693-fbe0f73341bb}</UniqueIdentifier>
    </Filter>
  </ItemGroup>
  <ItemGroup>
    <ClCompile Include="Block.cpp">
      <Filter>Blocks</Filter>
    </ClCompile>
    <ClCompile Include="Brick.cpp">
      <Filter>Blocks</Filter>
    </ClCompile>
    <ClCompile Include="Land.cpp">
      <Filter>Blocks</Filter>
    </ClCompile>
    <ClCompile Include="Bullet.cpp">
      <Filter>Player</Filter>
    </ClCompile>
    <ClCompile Include="Mario.cpp">
      <Filter>Player</Filter>
    </ClCompile>
    <ClCompile Include="MushLife.cpp">
      <Filter>Items</Filter>
    </ClCompile>
    <ClCompile Include="MushRoom.cpp">
      <Filter>Items</Filter>
    </ClCompile>
    <ClCompile Include="Star.cpp">
      <Filter>Items</Filter>
    </ClCompile>
    <ClCompile Include="CusRect.cpp">
      <Filter>Environment</Filter>
    </ClCompile>
    <ClCompile Include="Game.cpp">
      <Filter>Environment</Filter>
    </ClCompile>
    <ClCompile Include="Sprite.cpp">
      <Filter>Environment</Filter>
    </ClCompile>
    <ClCompile Include="StaticObject.cpp">
      <Filter>Environment</Filter>
    </ClCompile>
    <ClCompile Include="winman.cpp">
      <Filter>Environment</Filter>
    </ClCompile>
    <ClCompile Include="utils.cpp">
      <Filter>Environment</Filter>
    </ClCompile>
    <ClCompile Include="QuadTree.cpp">
      <Filter>Quadtree</Filter>
    </ClCompile>
    <ClCompile Include="QuadTreeNode.cpp">
      <Filter>Quadtree</Filter>
    </ClCompile>
    <ClCompile Include="Turtle.cpp">
      <Filter>Enemies</Filter>
    </ClCompile>
    <ClCompile Include="Enemy.cpp">
      <Filter>Enemies</Filter>
    </ClCompile>
    <ClCompile Include="FragBrick.cpp">
      <Filter>Animation</Filter>
    </ClCompile>
    <ClCompile Include="MarioGame.cpp" />
    <ClCompile Include="Coin.cpp">
      <Filter>Items</Filter>
    </ClCompile>
    <ClCompile Include="Coin1.cpp">
      <Filter>Items</Filter>
    </ClCompile>
    <ClCompile Include="Eato.cpp">
      <Filter>Enemies</Filter>
    </ClCompile>
    <ClCompile Include="Pipe1.cpp">
      <Filter>Blocks</Filter>
    </ClCompile>
    <ClCompile Include="MapIO.cpp">
      <Filter>MapIO</Filter>
    </ClCompile>
    <ClCompile Include="PipeVer.cpp">
      <Filter>Blocks</Filter>
    </ClCompile>
    <ClCompile Include="PipeHor.cpp">
      <Filter>Blocks</Filter>
    </ClCompile>
    <ClCompile Include="Flag.cpp">
      <Filter>Blocks</Filter>
    </ClCompile>
    <ClCompile Include="Scenery.cpp">
      <Filter>Scenery</Filter>
    </ClCompile>
    <ClCompile Include="House.cpp">
      <Filter>Blocks</Filter>
    </ClCompile>
    <ClCompile Include="dsutil.cpp">
      <Filter>Audio</Filter>
    </ClCompile>
    <ClCompile Include="SoundDev.cpp">
      <Filter>Audio</Filter>
    </ClCompile>
    <ClCompile Include="SoundManager.cpp">
      <Filter>Audio</Filter>
    </ClCompile>
    <ClCompile Include="PauseScreen.cpp">
      <Filter>GameState</Filter>
    </ClCompile>
    <ClCompile Include="ButtonGame.cpp">
      <Filter>GameState</Filter>
    </ClCompile>
    <ClCompile Include="GamePlayScreen.cpp">
      <Filter>GameState</Filter>
    </ClCompile>
    <ClCompile Include="LoadingScreen.cpp">
      <Filter>GameState</Filter>
    </ClCompile>
    <ClCompile Include="MenuScreen.cpp">
      <Filter>GameState</Filter>
    </ClCompile>
    <ClCompile Include="BackgroundScreen.cpp">
      <Filter>GameState</Filter>
    </ClCompile>
    <ClCompile Include="GameScreen.cpp">
      <Filter>GameState</Filter>
    </ClCompile>
    <ClCompile Include="ScreenManager.cpp">
      <Filter>GameState</Filter>
    </ClCompile>
    <ClCompile Include="MainMenuScreen.cpp">
      <Filter>GameState</Filter>
    </ClCompile>
    <ClCompile Include="Rescource.cpp">
      <Filter>Environment</Filter>
    </ClCompile>
    <ClCompile Include="ScoreEff.cpp">
      <Filter>Player</Filter>
    </ClCompile>
    <ClCompile Include="Score.cpp">
      <Filter>Player</Filter>
    </ClCompile>
    <ClCompile Include="StateScreen.cpp">
      <Filter>GameState</Filter>
    </ClCompile>
    <ClCompile Include="LoadScreen.cpp">
      <Filter>GameState</Filter>
    </ClCompile>
    <ClCompile Include="SaveScreen.cpp">
      <Filter>GameState</Filter>
    </ClCompile>
  </ItemGroup>
  <ItemGroup>
    <ClInclude Include="Block.h">
      <Filter>Blocks</Filter>
    </ClInclude>
    <ClInclude Include="Land.h">
      <Filter>Blocks</Filter>
    </ClInclude>
    <ClInclude Include="Brick.h">
      <Filter>Blocks</Filter>
    </ClInclude>
    <ClInclude Include="Mario.h">
      <Filter>Player</Filter>
    </ClInclude>
    <ClInclude Include="Bullet.h">
      <Filter>Player</Filter>
    </ClInclude>
    <ClInclude Include="Star.h">
      <Filter>Items</Filter>
    </ClInclude>
    <ClInclude Include="MushRoom.h">
      <Filter>Items</Filter>
    </ClInclude>
    <ClInclude Include="MushLife.h">
      <Filter>Items</Filter>
    </ClInclude>
    <ClInclude Include="QuadTreeNode.h">
      <Filter>Quadtree</Filter>
    </ClInclude>
    <ClInclude Include="QuadTree.h">
      <Filter>Quadtree</Filter>
    </ClInclude>
    <ClInclude Include="CusRect.h">
      <Filter>Environment</Filter>
    </ClInclude>
    <ClInclude Include="Game.h">
      <Filter>Environment</Filter>
    </ClInclude>
    <ClInclude Include="StaticObject.h">
      <Filter>Environment</Filter>
    </ClInclude>
    <ClInclude Include="utils.h">
      <Filter>Environment</Filter>
    </ClInclude>
    <ClInclude Include="Enemy.h">
      <Filter>Enemies</Filter>
    </ClInclude>
    <ClInclude Include="Turtle.h">
      <Filter>Enemies</Filter>
    </ClInclude>
    <ClInclude Include="Sprite.h">
      <Filter>Environment</Filter>
    </ClInclude>
    <ClInclude Include="FragBrick.h">
      <Filter>Animation</Filter>
    </ClInclude>
    <ClInclude Include="MarioGame.h" />
    <ClInclude Include="Coin.h">
      <Filter>Items</Filter>
    </ClInclude>
    <ClInclude Include="Coin1.h">
      <Filter>Items</Filter>
    </ClInclude>
    <ClInclude Include="Eato.h">
      <Filter>Enemies</Filter>
    </ClInclude>
    <ClInclude Include="Pipe1.h">
      <Filter>Blocks</Filter>
    </ClInclude>
    <ClInclude Include="MapIO.h">
      <Filter>MapIO</Filter>
    </ClInclude>
    <ClInclude Include="PipeVer.h">
      <Filter>Blocks</Filter>
    </ClInclude>
    <ClInclude Include="PipeHor.h">
      <Filter>Blocks</Filter>
    </ClInclude>
    <ClInclude Include="Flag.h">
      <Filter>Blocks</Filter>
    </ClInclude>
    <ClInclude Include="Scenery.h">
      <Filter>Scenery</Filter>
    </ClInclude>
    <ClInclude Include="House.h">
      <Filter>Blocks</Filter>
    </ClInclude>
    <ClInclude Include="dxutil.h">
      <Filter>Audio</Filter>
    </ClInclude>
    <ClInclude Include="dsutil.h">
      <Filter>Audio</Filter>
    </ClInclude>
    <ClInclude Include="SoundDev.h">
      <Filter>Audio</Filter>
    </ClInclude>
    <ClInclude Include="SoundManager.h">
      <Filter>Audio</Filter>
    </ClInclude>
    <ClInclude Include="PauseScreen.h">
      <Filter>GameState</Filter>
    </ClInclude>
    <ClInclude Include="GamePlayScreen.h">
      <Filter>GameState</Filter>
    </ClInclude>
    <ClInclude Include="ScreenManager.h">
      <Filter>GameState</Filter>
    </ClInclude>
    <ClInclude Include="GameScreen.h">
      <Filter>GameState</Filter>
    </ClInclude>
    <ClInclude Include="LoadingScreen.h">
      <Filter>GameState</Filter>
    </ClInclude>
    <ClInclude Include="ButtonGame.h">
      <Filter>GameState</Filter>
    </ClInclude>
    <ClInclude Include="MainMenuScreen.h">
      <Filter>GameState</Filter>
    </ClInclude>
    <ClInclude Include="MenuScreen.h">
      <Filter>GameState</Filter>
    </ClInclude>
    <ClInclude Include="BackgroundScreen.h">
      <Filter>GameState</Filter>
    </ClInclude>
    <ClInclude Include="Rescource.h">
      <Filter>Environment</Filter>
    </ClInclude>
    <ClInclude Include="ScoreEff.h">
      <Filter>Player</Filter>
    </ClInclude>
    <ClInclude Include="Score.h">
      <Filter>Player</Filter>
    </ClInclude>
    <ClInclude Include="StateScreen.h">
      <Filter>GameState</Filter>
    </ClInclude>
    <ClInclude Include="LoadScreen.h">
      <Filter>GameState</Filter>
    </ClInclude>
    <ClInclude Include="SaveScreen.h">
      <Filter>GameState</Filter>
    </ClInclude>
    <ClInclude Include="dirent\dirent.h" />
  </ItemGroup>
</Project>