<?xml version="1.0" encoding="utf-8"?>
<Project ToolsVersion="4.0" xmlns="http://schemas.microsoft.com/developer/msbuild/2003">
  <ItemGroup>
    <Filter Include="Source Files">
      <UniqueIdentifier>{4FC737F1-C7A5-4376-A066-2A32D752A2FF}</UniqueIdentifier>
      <Extensions>cpp;c;cc;cxx;def;odl;idl;hpj;bat;asm;asmx</Extensions>
    </Filter>
    <Filter Include="Header Files">
      <UniqueIdentifier>{93995380-89BD-4b04-88EB-625FBE52EBFB}</UniqueIdentifier>
      <Extensions>h;hpp;hxx;hm;inl;inc;xsd</Extensions>
    </Filter>
    <Filter Include="Resource Files">
      <UniqueIdentifier>{67DA6AB6-F800-4c08-8B7A-83BB121AAD01}</UniqueIdentifier>
      <Extensions>rc;ico;cur;bmp;dlg;rc2;rct;bin;rgs;gif;jpg;jpeg;jpe;resx;tiff;tif;png;wav;mfcribbon-ms</Extensions>
    </Filter>
    <Filter Include="Player">
      <UniqueIdentifier>{f2160ff8-cf6e-4071-83ee-fa8d64dab49d}</UniqueIdentifier>
    </Filter>
    <Filter Include="Base">
      <UniqueIdentifier>{90f3fbb2-d440-4067-90b0-8ad288340231}</UniqueIdentifier>
    </Filter>
    <Filter Include="Camera">
      <UniqueIdentifier>{ff3b8daa-31fe-4319-a888-c5db29608c9e}</UniqueIdentifier>
    </Filter>
    <Filter Include="ResourceManager">
      <UniqueIdentifier>{625a186f-a40f-44e0-9af7-18e30ccce7cc}</UniqueIdentifier>
    </Filter>
    <Filter Include="Utils">
      <UniqueIdentifier>{52267b15-966b-4c98-a8a0-411e26ef1f1c}</UniqueIdentifier>
    </Filter>
    <Filter Include="Input">
      <UniqueIdentifier>{a42f16b4-03d2-49b2-8de1-e903a61913f8}</UniqueIdentifier>
    </Filter>
    <Filter Include="GameState">
      <UniqueIdentifier>{502829ae-d5ad-4473-ad29-0c7cad23b55c}</UniqueIdentifier>
    </Filter>
    <Filter Include="ObjectGame">
      <UniqueIdentifier>{ee672a0f-5124-4021-af8e-a0714cc41ae8}</UniqueIdentifier>
    </Filter>
    <Filter Include="Quadtree">
      <UniqueIdentifier>{f5e2a387-66bd-4f3c-a389-3281ae76e8c0}</UniqueIdentifier>
    </Filter>
    <Filter Include="Map">
      <UniqueIdentifier>{c7ce1a98-3377-49f8-97e3-ad29d58cce35}</UniqueIdentifier>
    </Filter>
    <Filter Include="AABB">
      <UniqueIdentifier>{268870cf-3672-4b8e-9289-79ca1a7e5232}</UniqueIdentifier>
    </Filter>
  </ItemGroup>
  <ItemGroup>
    <ClCompile Include="winmain.cpp">
      <Filter>Source Files</Filter>
    </ClCompile>
    <ClCompile Include="RockmanGame.cpp">
      <Filter>Source Files</Filter>
    </ClCompile>
    <ClCompile Include="Sprite.cpp">
      <Filter>Base</Filter>
    </ClCompile>
    <ClCompile Include="Rockman.cpp">
      <Filter>Player</Filter>
    </ClCompile>
    <ClCompile Include="Game.cpp">
      <Filter>Source Files</Filter>
    </ClCompile>
    <ClCompile Include="Camera.cpp">
      <Filter>Camera</Filter>
    </ClCompile>
    <ClCompile Include="ResourceManager.cpp">
      <Filter>ResourceManager</Filter>
    </ClCompile>
    <ClCompile Include="Input.cpp">
      <Filter>Input</Filter>
    </ClCompile>
    <ClCompile Include="utils.cpp">
      <Filter>Utils</Filter>
    </ClCompile>
    <ClCompile Include="Time.cpp">
      <Filter>Source Files</Filter>
    </ClCompile>
    <ClCompile Include="Entity.cpp">
      <Filter>ObjectGame</Filter>
    </ClCompile>
    <ClCompile Include="QuadTree.cpp">
      <Filter>Quadtree</Filter>
    </ClCompile>
    <ClCompile Include="BigEye.cpp">
      <Filter>ObjectGame</Filter>
    </ClCompile>
    <ClCompile Include="Land.cpp">
      <Filter>ObjectGame</Filter>
    </ClCompile>
    <ClCompile Include="QuadTreeNode.cpp">
      <Filter>Quadtree</Filter>
    </ClCompile>
    <ClCompile Include="Map.cpp">
      <Filter>Map</Filter>
    </ClCompile>
    <ClCompile Include="AABBCollisionDetected.cpp">
      <Filter>AABB</Filter>
    </ClCompile>
    <ClCompile Include="Bullet.cpp">
      <Filter>Source Files</Filter>
    </ClCompile>
    <ClCompile Include="MoveMap.cpp">
      <Filter>Source Files</Filter>
    </ClCompile>
  </ItemGroup>
  <ItemGroup>
    <ClInclude Include="RockmanGame.h">
      <Filter>Header Files</Filter>
    </ClInclude>
    <ClInclude Include="Sprite.h">
      <Filter>Base</Filter>
    </ClInclude>
    <ClInclude Include="Rockman.h">
      <Filter>Player</Filter>
    </ClInclude>
    <ClInclude Include="Camera.h">
      <Filter>Camera</Filter>
    </ClInclude>
    <ClInclude Include="ResourceManager.h">
      <Filter>ResourceManager</Filter>
    </ClInclude>
    <ClInclude Include="Input.h">
      <Filter>Input</Filter>
    </ClInclude>
    <ClInclude Include="utils.h">
      <Filter>Utils</Filter>
    </ClInclude>
    <ClInclude Include="Time.h">
      <Filter>Header Files</Filter>
    </ClInclude>
    <ClInclude Include="Define.h">
      <Filter>Header Files</Filter>
    </ClInclude>
    <ClInclude Include="QuadTree.h">
      <Filter>Quadtree</Filter>
    </ClInclude>
    <ClInclude Include="Entity.h">
      <Filter>ObjectGame</Filter>
    </ClInclude>
    <ClInclude Include="Game.h">
      <Filter>Source Files</Filter>
    </ClInclude>
    <ClInclude Include="Land.h">
      <Filter>ObjectGame</Filter>
    </ClInclude>
    <ClInclude Include="BigEye.h">
      <Filter>ObjectGame</Filter>
    </ClInclude>
    <ClInclude Include="QuadTreeNode.h">
      <Filter>Quadtree</Filter>
    </ClInclude>
    <ClInclude Include="Map.h">
      <Filter>Map</Filter>
    </ClInclude>
    <ClInclude Include="AABBCollisionDetected.h">
      <Filter>AABB</Filter>
    </ClInclude>
    <ClInclude Include="Bullet.h">
      <Filter>Header Files</Filter>
    </ClInclude>
    <ClInclude Include="MoveMap.h">
      <Filter>Header Files</Filter>
    </ClInclude>
  </ItemGroup>
</Project>